{
  "nodes": {
    "home-manager": {
      "inputs": {
        "nixpkgs": [
          "home-manager-config",
          "nixpkgs"
        ]
      },
      "locked": {
        "lastModified": 1715486357,
        "narHash": "sha256-4pRuzsHZOW5W4CsXI9uhKtiJeQSUoe1d2M9mWU98HC4=",
        "owner": "nix-community",
        "repo": "home-manager",
        "rev": "44677a1c96810a8e8c4ffaeaad10c842402647c1",
        "type": "github"
      },
      "original": {
        "owner": "nix-community",
        "repo": "home-manager",
        "type": "github"
      }
    },
    "home-manager-config": {
      "inputs": {
        "home-manager": "home-manager",
        "nixpkgs": [
          "nixpkgs"
        ],
        "unstable": [
          "unstable"
        ]
      },
      "locked": {
        "dir": ".config/home-manager",
        "lastModified": 1720706550,
        "narHash": "sha256-veZwGvG2tqKsAXxxr2nn2K+Vg+s7pFNUig8UU0p4bnk=",
        "ref": "refs/heads/main",
        "rev": "51848d027e1a066f8d724df0688ac52884402563",
        "revCount": 634,
        "type": "git",
        "url": "file:///Users/ichamberlain/.local/share/yadm/repo.git?dir=.config/home-manager"
      },
      "original": {
        "id": "home-manager-configuration",
        "type": "indirect"
      }
    },
    "nix-darwin": {
      "inputs": {
        "nixpkgs": [
          "nixpkgs"
        ]
      },
      "locked": {
        "lastModified": 1720515095,
        "narHash": "sha256-MvRtrTwdWfs5P1Ggpkxzrhoh6IbQn+g9SwxJOHvDhQ0=",
        "owner": "Enzime",
        "repo": "nix-darwin",
        "rev": "da0b8b10b0587806c15653325491760d4d2668df",
        "type": "github"
      },
      "original": {
        "owner": "Enzime",
        "ref": "default-flake-location",
        "repo": "nix-darwin",
        "type": "github"
      }
    },
    "nixpkgs": {
      "locked": {
        "lastModified": 1720691131,
        "narHash": "sha256-CWT+KN8aTPyMIx8P303gsVxUnkinIz0a/Cmasz1jyIM=",
        "owner": "nixos",
        "repo": "nixpkgs",
        "rev": "a046c1202e11b62cbede5385ba64908feb7bfac4",
        "type": "github"
      },
      "original": {
        "owner": "nixos",
        "ref": "nixos-24.05",
        "repo": "nixpkgs",
        "type": "github"
      }
    },
    "root": {
      "inputs": {
        "home-manager-config": "home-manager-config",
        "nix-darwin": "nix-darwin",
        "nixpkgs": "nixpkgs",
        "unstable": "unstable"
      }
    },
    "unstable": {
      "locked": {
        "lastModified": 1720687749,
        "narHash": "sha256-nqJ+iK/zyqCJ/YShqCpZ2cJKE1UtjZIEUWLUFZqvxcA=",
        "owner": "NixOS",
        "repo": "nixpkgs",
        "rev": "6af55cb91ca2005516b9562f707bb99c8f79bf77",
        "type": "github"
      },
      "original": {
        "owner": "NixOS",
        "ref": "nixpkgs-unstable",
        "repo": "nixpkgs",
        "type": "github"
      }
    }
  },
  "root": "root",
  "version": 7
}
