{
  "nodes": {
    "brew-src": {
      "flake": false,
      "locked": {
        "lastModified": 1718075954,
        "narHash": "sha256-4TeUhv5VLEufP+Z/NkKnUk4NUaf59cMsj6NvsVbE+8w=",
        "owner": "Homebrew",
        "repo": "brew",
        "rev": "3f08c75e7b950d4340dab462f3e7f77e8093fa2b",
        "type": "github"
      },
      "original": {
        "owner": "Homebrew",
        "ref": "4.3.5",
        "repo": "brew",
        "type": "github"
      }
    },
    "flake-utils": {
      "inputs": {
        "systems": "systems"
      },
      "locked": {
        "lastModified": 1710146030,
        "narHash": "sha256-SZ5L6eA7HJ/nmkzGG7/ISclqe6oZdOZTNoesiInkXPQ=",
        "owner": "numtide",
        "repo": "flake-utils",
        "rev": "b1d9ab70662946ef0850d488da1c9019f3a9752a",
        "type": "github"
      },
      "original": {
        "owner": "numtide",
        "repo": "flake-utils",
        "type": "github"
      }
    },
    "home-manager": {
      "inputs": {
        "nixpkgs": [
          "nixpkgs"
        ]
      },
      "locked": {
        "lastModified": 1720042825,
        "narHash": "sha256-A0vrUB6x82/jvf17qPCpxaM+ulJnD8YZwH9Ci0BsAzE=",
        "owner": "nix-community",
        "repo": "home-manager",
        "rev": "e1391fb22e18a36f57e6999c7a9f966dc80ac073",
        "type": "github"
      },
      "original": {
        "id": "home-manager",
        "ref": "release-24.05",
        "type": "indirect"
      }
    },
    "nix-darwin": {
      "inputs": {
        "nixpkgs": [
          "nixpkgs-darwin"
        ]
      },
      "locked": {
        "lastModified": 1720845312,
        "narHash": "sha256-yPhAsJTpyoIPQZJGC8Fw8W2lAXyhLoTn+HP20bmfkfk=",
        "owner": "LnL7",
        "repo": "nix-darwin",
        "rev": "5ce8503cf402cf76b203eba4b7e402bea8e44abc",
        "type": "github"
      },
      "original": {
        "id": "nix-darwin",
        "type": "indirect"
      }
    },
    "nix-homebrew": {
      "inputs": {
        "brew-src": "brew-src",
        "flake-utils": "flake-utils",
        "nix-darwin": [
          "nix-darwin"
        ],
        "nixpkgs": [
          "nixpkgs-darwin"
        ]
      },
      "locked": {
        "lastModified": 1719720211,
        "narHash": "sha256-FNK5ZxmNC+V/wOuioc5HqkUy0ld4eW3NqcsZHLYg9HI=",
        "owner": "zhaofengli",
        "repo": "nix-homebrew",
        "rev": "0afc51fd86693c73e4b60be8ed8c782c4c09b4cc",
        "type": "github"
      },
      "original": {
        "owner": "zhaofengli",
        "repo": "nix-homebrew",
        "type": "github"
      }
    },
    "nixos-unstable": {
      "locked": {
        "lastModified": 1720768451,
        "narHash": "sha256-EYekUHJE2gxeo2pM/zM9Wlqw1Uw2XTJXOSAO79ksc4Y=",
        "owner": "NixOS",
        "repo": "nixpkgs",
        "rev": "7e7c39ea35c5cdd002cd4588b03a3fb9ece6fad9",
        "type": "github"
      },
      "original": {
        "id": "nixpkgs",
        "ref": "nixos-unstable",
        "type": "indirect"
      }
    },
    "nixpkgs": {
      "locked": {
        "lastModified": 1720691131,
        "narHash": "sha256-CWT+KN8aTPyMIx8P303gsVxUnkinIz0a/Cmasz1jyIM=",
        "owner": "NixOS",
        "repo": "nixpkgs",
        "rev": "a046c1202e11b62cbede5385ba64908feb7bfac4",
        "type": "github"
      },
      "original": {
        "id": "nixpkgs",
        "ref": "nixos-24.05",
        "type": "indirect"
      }
    },
    "nixpkgs-darwin": {
      "locked": {
        "lastModified": 1720881915,
        "narHash": "sha256-uC/eDBJqbxuQzh0pYgbCtoCMjnKUFbJYkixeVDir5J8=",
        "owner": "NixOS",
        "repo": "nixpkgs",
        "rev": "68c6b3ca5da36c8c579376099691f3fe51a0070c",
        "type": "github"
      },
      "original": {
        "id": "nixpkgs",
        "ref": "nixpkgs-24.05-darwin",
        "type": "indirect"
      }
    },
    "nixpkgs-unstable": {
      "locked": {
        "lastModified": 1723891200,
        "narHash": "sha256-uljX21+D/DZgb9uEFFG2dkkQbPZN+ig4Z6+UCLWFVAk=",
        "owner": "NixOS",
        "repo": "nixpkgs",
        "rev": "a0d6390cb3e82062a35d0288979c45756e481f60",
        "type": "github"
      },
      "original": {
        "id": "nixpkgs",
        "ref": "nixpkgs-unstable",
        "type": "indirect"
      }
    },
    "root": {
      "inputs": {
        "home-manager": "home-manager",
        "nix-darwin": "nix-darwin",
        "nix-homebrew": "nix-homebrew",
        "nixos-unstable": "nixos-unstable",
        "nixpkgs": "nixpkgs",
        "nixpkgs-darwin": "nixpkgs-darwin",
        "nixpkgs-unstable": "nixpkgs-unstable"
      }
    },
    "systems": {
      "locked": {
        "lastModified": 1681028828,
        "narHash": "sha256-Vy1rq5AaRuLzOxct8nz4T6wlgyUR7zLU309k9mBC768=",
        "owner": "nix-systems",
        "repo": "default",
        "rev": "da67096a3b9bf56a91d16901293e51ba5b49a27e",
        "type": "github"
      },
      "original": {
        "owner": "nix-systems",
        "repo": "default",
        "type": "github"
      }
    }
  },
  "root": "root",
  "version": 7
}
